github.com/VividCortex/mysqlerr v1.0.0 h1:5pZ2TZA+YnzPgzBfiUWGqWmKDVNBdrkf9g+DNe1Tiq8=
github.com/VividCortex/mysqlerr v1.0.0/go.mod h1:xERx8E4tBhLvpjzdUyQiSfUxeMcATEQrflDAfXsqcAE=
github.com/aymerick/douceur v0.2.0 h1:Mv+mAeH1Q+n9Fr+oyamOlAkUNPWPlA8PPGR0QAaYuPk=
github.com/aymerick/douceur v0.2.0/go.mod h1:wlT5vV2O3h55X9m7iVYN0TBM0NH/MmbLnd30/FjWUq4=
github.com/chzyer/logex v1.2.1/go.mod h1:JLbx6lG2kDbNRFnfkgvh4eRJRPX1QCoOIWomwysCBrQ=
github.com/chzyer/test v0.0.0-20180213035817-a1ea475d72b1/go.mod h1:Q3SI9o4m/ZMnBNeIyt5eFwwo7qiLfzFZmjNmxjkiQlU=
github.com/davecgh/go-spew v1.1.0/go.mod h1:J7Y8YcW2NihsgmVo/mv3lAwl/skON4iLHjSsI+c5H38=
github.com/davecgh/go-spew v1.1.1 h1:vj9j/u1bqnvCEfJOwUhtlOARqs3+rkHYY13jYWTU97c=
github.com/davecgh/go-spew v1.1.1/go.mod h1:J7Y8YcW2NihsgmVo/mv3lAwl/skON4iLHjSsI+c5H38=
github.com/fsnotify/fsnotify v1.4.7 h1:IXs+QLmnXW2CcXuY+8Mzv/fWEsPGWxqefPtCP5CnV9I=
github.com/fsnotify/fsnotify v1.4.7/go.mod h1:jwhsz4b93w/PPRr/qN1Yymfu8t87LnFCMoQvtojpjFo=
github.com/go-ini/ini v1.67.0 h1:z6ZrTEZqSWOTyH2FlglNbNgARyHG8oLW9gMELqKr06A=
github.com/go-ini/ini v1.67.0/go.mod h1:ByCAeIL28uOIIG0E3PJtZPDL8WnHpFKFOtgjp+3Ies8=
github.com/go-sql-driver/mysql v1.6.0 h1:BCTh4TKNUYmOmMUcQ3IipzF5prigylS7XXjEkfCHuOE=
github.com/go-sql-driver/mysql v1.6.0/go.mod h1:DCzpHaOWr8IXmIStZouvnhqoel9Qv2LBy8hT2VhHyBg=
github.com/go-test/deep v1.0.4 h1:u2CU3YKy9I2pmu9pX0eq50wCgjfGIt539SqR7FbHiho=
github.com/go-test/deep v1.0.4/go.mod h1:wGDj63lr65AM2AQyKZd/NYHGb0R+1RLqB8NKt3aSFNA=
github.com/google/go-cmp v0.5.7 h1:81/ik6ipDQS2aGcBfIN5dHDB36BwrStyeAQquSYCV4o=
github.com/google/go-cmp v0.5.7/go.mod h1:n+brtR0CgQNWTVd5ZUFpTBC8YFBDLK/h/bpaJ8/DtOE=
github.com/gorilla/css v1.0.0 h1:BQqNyPTi50JCFMTw/b67hByjMVXZRwGha6wxVGkeihY=
github.com/gorilla/css v1.0.0/go.mod h1:Dn721qIggHpt4+EFCcTLTU/vk5ySda2ReITrtgBl60c=
github.com/gorilla/websocket v1.4.2 h1:+/TMaTYc4QFitKJxsQ7Yye35DkWvkdLcvGKqM+x0Ufc=
github.com/gorilla/websocket v1.4.2/go.mod h1:YR8l580nyteQvAITg2hZ9XVh4b55+EU/adAjf1fMHhE=
github.com/grammaton76/chattools/pkg/chat_output/sc_dbtable v0.0.0-20221028050802-3624353bd583 h1:CbJqFiWJrwTRJaQovsnV20v10jCoNUlW88uzmCPtNR4=
github.com/grammaton76/chattools/pkg/chat_output/sc_dbtable v0.0.0-20221028050802-3624353bd583/go.mod h1:/l2WGEvMf+Sii/x1Ra9xHgc4AG49xMJChkrz+m4EF3Y=
github.com/grammaton76/chattools/pkg/chat_output/sc_slack v0.0.0-20221028050802-3624353bd583 h1:yNiru+iuuGK3eJ/jaZm8SVSBEk4K13QRjGoVVfuF79U=
github.com/grammaton76/chattools/pkg/chat_output/sc_slack v0.0.0-20221028050802-3624353bd583/go.mod h1:tUGGByPpxgqffbjwETALntMrSDWYfKv7eZMcRzFhVZ0=
github.com/grammaton76/g76golib/pkg/shared v0.0.0-20221028045618-a4c734ae155b h1:l8T0HLbnHLePsjt/WpkvKyveQvYyxSAGGV47Ff6jQ3w=
github.com/grammaton76/g76golib/pkg/shared v0.0.0-20221028045618-a4c734ae155b/go.mod h1:PVAgzb1/vcBPeyaPLmhpU377ZTs8N0/pLpQPm28p+SE=
github.com/grammaton76/g76golib/pkg/sjson v0.0.0-20221028045618-a4c734ae155b h1:SDTrOqBNWzsiSGAahwcdbiDunCPl/lYSzAnBE53brFI=
github.com/grammaton76/g76golib/pkg/sjson v0.0.0-20221028045618-a4c734ae155b/go.mod h1:6eXWG0xICVouDpYWMDDfJxBNYeq8phi/yQjJKwNg9II=
github.com/grammaton76/g76golib/pkg/sjson v0.0.0-20221028094241-2ce288197389 h1:GQ/7Rug3oRYr7SW9+aVhyayXrSSIbLdcwow/96jndLI=
github.com/grammaton76/g76golib/pkg/sjson v0.0.0-20221028094241-2ce288197389/go.mod h1:6eXWG0xICVouDpYWMDDfJxBNYeq8phi/yQjJKwNg9II=
github.com/grammaton76/g76golib/pkg/slogger v0.0.0-20221028045618-a4c734ae155b h1:hMNJmWKb5Ghp3vkAOyUZ2D1Blk5frRsZeD+y+yJi+jY=
github.com/grammaton76/g76golib/pkg/slogger v0.0.0-20221028045618-a4c734ae155b/go.mod h1:w3/pQe4Wb5qNCg8/9ifTf1FFq0moy/NqRAWKcuT7CVg=
github.com/kardianos/osext v0.0.0-20190222173326-2bc1f35cddc0 h1:iQTw/8FWTuc7uiaSepXwyf3o52HaUYcV+Tu66S3F5GA=
github.com/kardianos/osext v0.0.0-20190222173326-2bc1f35cddc0/go.mod h1:1NbS8ALrpOvjt0rHPNLyCIeMtbizbir8U//inJ+zuB8=
github.com/lib/pq v1.10.6 h1:jbk+ZieJ0D7EVGJYpL9QTz7/YW6UHbmdnZWYyK5cdBs=
github.com/lib/pq v1.10.6/go.mod h1:AlVN5x4E4T544tWzH6hKfbfQvm3HdbOxrmggDNAPY9o=
github.com/microcosm-cc/bluemonday v1.0.21 h1:dNH3e4PSyE4vNX+KlRGHT5KrSvjeUkoNPwEORjffHJg=
github.com/microcosm-cc/bluemonday v1.0.21/go.mod h1:ytNkv4RrDrLJ2pqlsSI46O6IVXmZOBBD4SaJyDwwTkM=
github.com/papertrail/go-tail v0.0.0-20180509224916-973c153b0431 h1:i1egM7gz4bPxLCIwBJOkpk6TqHpjTnL4dE1xdN/4dcs=
github.com/papertrail/go-tail v0.0.0-20180509224916-973c153b0431/go.mod h1:dMID0RaS2a5rhpOjC4RsAKitU6WGgkFBZnPVffL69b8=
github.com/pmezard/go-difflib v1.0.0 h1:4DBwDE0NGyQoBHbLQYPwSUPoCMWR5BEzIk/f1lZbAQM=
github.com/pmezard/go-difflib v1.0.0/go.mod h1:iKH77koFhYxTK1pcRnkKkqfTogsbg7gZNVY4sRDYZ/4=
github.com/robertkrimen/otto v0.0.0-20221025135307-511d75fba9f8 h1:qD3uiYZ9HFRMIkjcmA5MnB3QxDQmf/r8TfoOx8BMtQ4=
github.com/robertkrimen/otto v0.0.0-20221025135307-511d75fba9f8/go.mod h1:nuq0maJQz2rTj3sA9EtJleKkkP0QIihFANdtAgTvmyc=
github.com/shopspring/decimal v1.3.1 h1:2Usl1nmF/WZucqkFZhnfFYxxxu8LG21F6nPQBE5gKV8=
github.com/shopspring/decimal v1.3.1/go.mod h1:DKyhrW/HYNuLGql+MJL6WCR6knT2jwCFRcu2hWCYk4o=
github.com/slack-go/slack v0.11.3 h1:GN7revxEMax4amCc3El9a+9SGnjmBvSUobs0QnO6ZO8=
github.com/slack-go/slack v0.11.3/go.mod h1:hlGi5oXA+Gt+yWTPP0plCdRKmjsDxecdHxYQdlMQKOw=
github.com/stretchr/objx v0.1.0/go.mod h1:HFkY916IF+rwdDfMAkV7OtwuqBVzrE8GR6GFx+wExME=
github.com/stretchr/testify v1.2.2/go.mod h1:a8OnRcib4nhh0OaRAV+Yts87kKdq0PP7pXfy6kDkUVs=
github.com/stretchr/testify v1.7.0/go.mod h1:6Fq8oRcR53rry900zMqJjRRixrwX3KX962/h/Wwjteg=
github.com/stretchr/testify v1.8.0 h1:pSgiaMZlXftHpm5L7V1+rVB+AZJydKsMxsQBIJw4PKk=
github.com/veqryn/go-email v0.0.0-20200124140746-a72ac14e358c h1:H9F/kPFM7UY+c8XGAZsxEj2OiFrTuQ4xn1t24aW9Nnk=
github.com/veqryn/go-email v0.0.0-20200124140746-a72ac14e358c/go.mod h1:/wkXUpcdIFR3mp0fMes97u0UtjtbrdJ9WbBZ1IjsfEc=
github.com/wxdao/go-imap v0.0.0-20171102101307-a24865f13935 h1:k/5EohKHTLoRSPtmzScGeG2feLuYKcU1z22YfGpZdjs=
github.com/wxdao/go-imap v0.0.0-20171102101307-a24865f13935/go.mod h1:RLQkzP0Gj9Tzoso5EDuD1szUtVpO3XNy/bFqnGpNYwo=
golang.org/x/net v0.0.0-20221002022538-bcab6841153b h1:6e93nYa3hNqAvLr0pD4PN1fFS+gKzp2zAXqrnTCstqU=
golang.org/x/net v0.0.0-20221002022538-bcab6841153b/go.mod h1:YDH+HFinaLZZlnHAfSS6ZXJJ9M9t4Dl22yv3iI2vPwk=
golang.org/x/sys v0.0.0-20220919091848-fb04ddd9f9c8 h1:h+EGohizhe9XlX18rfpa8k8RAc5XyaeamM+0VHRd4lc=
golang.org/x/sys v0.0.0-20220919091848-fb04ddd9f9c8/go.mod h1:oPkhp1MJrh7nUepCBck5+mAzfO9JrbApNNgaTdGDITg=
golang.org/x/xerrors v0.0.0-20191204190536-9bdfabe68543/go.mod h1:I/5z698sn9Ka8TeJc9MKroUUfqBBauWjQqLJ2OPfmY0=
gopkg.in/check.v1 v0.0.0-20161208181325-20d25e280405/go.mod h1:Co6ibVJAznAaIkqp8huTwlJQCZ016jof/cbN4VW5Yz0=
gopkg.in/readline.v1 v1.0.0-20160726135117-62c6fe619375/go.mod h1:lNEQeAhU009zbRxng+XOj5ITVgY24WcbNnQopyfKoYQ=
gopkg.in/sourcemap.v1 v1.0.5 h1:inv58fC9f9J3TK2Y2R1NPntXEn3/wjWHkonhIUODNTI=
gopkg.in/sourcemap.v1 v1.0.5/go.mod h1:2RlvNNSMglmRrcvhfuzp4hQHwOtjxlbjX7UPY/GXb78=
gopkg.in/yaml.v3 v3.0.0-20200313102051-9f266ea9e77c h1:dUUwHk2QECo/6vqA44rthZ8ie2QXMNeKRTHCNY2nXvo=
gopkg.in/yaml.v3 v3.0.0-20200313102051-9f266ea9e77c/go.mod h1:K4uyk7z7BCEPqu6E+C64Yfv1cQ7kz7rIZviUmN+EgEM=
